
Microsoft Visual Studio Solution File, Format Version 12.00
# Visual Studio Version 17
VisualStudioVersion = 17.2.32616.157
MinimumVisualStudioVersion = 10.0.40219.1
Project("{FAE04EC0-301F-11D3-BF4B-00C04F79EFBC}") = "TMS", "TMS.csproj", "{34677610-6FD5-4EC9-A976-9D52781F8871}"
EndProject
Global
	GlobalSection(SolutionConfigurationPlatforms) = preSolution
		Debug|Any CPU = Debug|Any CPU
		Release|Any CPU = Release|Any CPU
	EndGlobalSection
	GlobalSection(ProjectConfigurationPlatforms) = postSolution
		{34677610-6FD5-4EC9-A976-9D52781F8871}.Debug|Any CPU.ActiveCfg = Debug|Any CPU
		{34677610-6FD5-4EC9-A976-9D52781F8871}.Debug|Any CPU.Build.0 = Debug|Any CPU
		{34677610-6FD5-4EC9-A976-9D52781F8871}.Release|Any CPU.ActiveCfg = Release|Any CPU
		{34677610-6FD5-4EC9-A976-9D52781F8871}.Release|Any CPU.Build.0 = Release|Any CPU
	EndGlobalSection
	GlobalSection(SolutionProperties) = preSolution
		HideSolutionNode = FALSE
	EndGlobalSection
	GlobalSection(ExtensibilityGlobals) = postSolution
		SolutionGuid = {2B3ACBEB-98AC-410D-905C-ECEBF42D3577}
	EndGlobalSection
EndGlobal
